{
  "name": "resms-nodejs-example",
  "version": "1.0.0",
  "lockfileVersion": 3,
  "requires": true,
  "packages": {
    "": {
      "name": "resms-nodejs-example",
      "version": "1.0.0",
      "license": "ISC",
      "dependencies": {
        "@resms/sdk": "^0.8.1"
      }
    },
    "node_modules/@resms/sdk": {
      "version": "0.8.1",
      "resolved": "https://registry.npmjs.org/@resms/sdk/-/sdk-0.8.1.tgz",
      "integrity": "sha512-rMfakI43qJwE7VSPYuDjM/gdHSxmb32xvHy8aeoQuEWpKp7yea2uRpWu2kts7nL2omOt/bryr9gJ2SqJuYto8A==",
      "license": "MIT"
    }
  }
}
